
Microsoft Visual Studio Solution File, Format Version 12.00
# Visual Studio Version 17
VisualStudioVersion = 17.9.34714.143
MinimumVisualStudioVersion = 10.0.40219.1
Project("{9A19103F-16F7-4668-BE54-9A1E7A4F7556}") = "bapi", "bapi\bapi.csproj", "{F977C9FE-7C85-4F11-A71B-3AE041063362}"
EndProject
Project("{9A19103F-16F7-4668-BE54-9A1E7A4F7556}") = "Core", "Core\Core.csproj", "{C8CE9DE0-1BEB-4688-A9EA-447CA9042790}"
EndProject
Project("{9A19103F-16F7-4668-BE54-9A1E7A4F7556}") = "Infrastructure", "Infrastructure\Infrastructure.csproj", "{F49EBB30-AB42-4C47-AA29-EDF5A68CA883}"
EndProject
Project("{9A19103F-16F7-4668-BE54-9A1E7A4F7556}") = "Application", "Application\Application.csproj", "{71EB2637-2944-4C0E-BD4C-4CBE56995822}"
EndProject
Project("{FAE04EC0-301F-11D3-BF4B-00C04F79EFBC}") = "Testing", "Testing\Testing.csproj", "{3AA2D991-6C9D-433D-AFFB-1165E2793F9B}"
EndProject
Global
	GlobalSection(SolutionConfigurationPlatforms) = preSolution
		Debug|Any CPU = Debug|Any CPU
		Release|Any CPU = Release|Any CPU
	EndGlobalSection
	GlobalSection(ProjectConfigurationPlatforms) = postSolution
		{F977C9FE-7C85-4F11-A71B-3AE041063362}.Debug|Any CPU.ActiveCfg = Debug|Any CPU
		{F977C9FE-7C85-4F11-A71B-3AE041063362}.Debug|Any CPU.Build.0 = Debug|Any CPU
		{F977C9FE-7C85-4F11-A71B-3AE041063362}.Release|Any CPU.ActiveCfg = Release|Any CPU
		{F977C9FE-7C85-4F11-A71B-3AE041063362}.Release|Any CPU.Build.0 = Release|Any CPU
		{C8CE9DE0-1BEB-4688-A9EA-447CA9042790}.Debug|Any CPU.ActiveCfg = Debug|Any CPU
		{C8CE9DE0-1BEB-4688-A9EA-447CA9042790}.Debug|Any CPU.Build.0 = Debug|Any CPU
		{C8CE9DE0-1BEB-4688-A9EA-447CA9042790}.Release|Any CPU.ActiveCfg = Release|Any CPU
		{C8CE9DE0-1BEB-4688-A9EA-447CA9042790}.Release|Any CPU.Build.0 = Release|Any CPU
		{F49EBB30-AB42-4C47-AA29-EDF5A68CA883}.Debug|Any CPU.ActiveCfg = Debug|Any CPU
		{F49EBB30-AB42-4C47-AA29-EDF5A68CA883}.Debug|Any CPU.Build.0 = Debug|Any CPU
		{F49EBB30-AB42-4C47-AA29-EDF5A68CA883}.Release|Any CPU.ActiveCfg = Release|Any CPU
		{F49EBB30-AB42-4C47-AA29-EDF5A68CA883}.Release|Any CPU.Build.0 = Release|Any CPU
		{71EB2637-2944-4C0E-BD4C-4CBE56995822}.Debug|Any CPU.ActiveCfg = Debug|Any CPU
		{71EB2637-2944-4C0E-BD4C-4CBE56995822}.Debug|Any CPU.Build.0 = Debug|Any CPU
		{71EB2637-2944-4C0E-BD4C-4CBE56995822}.Release|Any CPU.ActiveCfg = Release|Any CPU
		{71EB2637-2944-4C0E-BD4C-4CBE56995822}.Release|Any CPU.Build.0 = Release|Any CPU
		{3AA2D991-6C9D-433D-AFFB-1165E2793F9B}.Debug|Any CPU.ActiveCfg = Debug|Any CPU
		{3AA2D991-6C9D-433D-AFFB-1165E2793F9B}.Debug|Any CPU.Build.0 = Debug|Any CPU
		{3AA2D991-6C9D-433D-AFFB-1165E2793F9B}.Release|Any CPU.ActiveCfg = Release|Any CPU
		{3AA2D991-6C9D-433D-AFFB-1165E2793F9B}.Release|Any CPU.Build.0 = Release|Any CPU
	EndGlobalSection
	GlobalSection(SolutionProperties) = preSolution
		HideSolutionNode = FALSE
	EndGlobalSection
	GlobalSection(ExtensibilityGlobals) = postSolution
		SolutionGuid = {B7EE9613-8B5B-4737-865B-8489CF8F5087}
	EndGlobalSection
EndGlobal
