
Microsoft Visual Studio Solution File, Format Version 12.00
# Visual Studio Version 17
VisualStudioVersion = 17.9.34714.143
MinimumVisualStudioVersion = 10.0.40219.1
Project("{FAE04EC0-301F-11D3-BF4B-00C04F79EFBC}") = "bapi", "bapi\bapi.csproj", "{F977C9FE-7C85-4F11-A71B-3AE041063362}"
EndProject
Global
	GlobalSection(SolutionConfigurationPlatforms) = preSolution
		Debug|Any CPU = Debug|Any CPU
		Release|Any CPU = Release|Any CPU
	EndGlobalSection
	GlobalSection(ProjectConfigurationPlatforms) = postSolution
		{F977C9FE-7C85-4F11-A71B-3AE041063362}.Debug|Any CPU.ActiveCfg = Debug|Any CPU
		{F977C9FE-7C85-4F11-A71B-3AE041063362}.Debug|Any CPU.Build.0 = Debug|Any CPU
		{F977C9FE-7C85-4F11-A71B-3AE041063362}.Release|Any CPU.ActiveCfg = Release|Any CPU
		{F977C9FE-7C85-4F11-A71B-3AE041063362}.Release|Any CPU.Build.0 = Release|Any CPU
	EndGlobalSection
	GlobalSection(SolutionProperties) = preSolution
		HideSolutionNode = FALSE
	EndGlobalSection
	GlobalSection(ExtensibilityGlobals) = postSolution
		SolutionGuid = {B7EE9613-8B5B-4737-865B-8489CF8F5087}
	EndGlobalSection
EndGlobal
